
Microsoft Visual Studio Solution File, Format Version 9.00
# Visual Studio 2005
Project("{E24C65DC-7377-472B-9ABA-BC803B73C61A}") = "C:\...\Prueba1\", "Prueba1\", "{DAFF0D40-5A6D-45EC-B3F4-81DCF073683A}"
	ProjectSection(WebsiteProperties) = preProject
		Debug.AspNetCompiler.VirtualPath = "/Prueba1"
		Debug.AspNetCompiler.PhysicalPath = "..\..\..\..\Desktop\Nueva carpeta\Prueba1\"
		Debug.AspNetCompiler.TargetPath = "PrecompiledWeb\Prueba1\"
		Debug.AspNetCompiler.Updateable = "true"
		Debug.AspNetCompiler.ForceOverwrite = "true"
		Debug.AspNetCompiler.FixedNames = "false"
		Debug.AspNetCompiler.Debug = "True"
		Release.AspNetCompiler.VirtualPath = "/Prueba1"
		Release.AspNetCompiler.PhysicalPath = "..\..\..\..\Desktop\Nueva carpeta\Prueba1\"
		Release.AspNetCompiler.TargetPath = "PrecompiledWeb\Prueba1\"
		Release.AspNetCompiler.Updateable = "true"
		Release.AspNetCompiler.ForceOverwrite = "true"
		Release.AspNetCompiler.FixedNames = "false"
		Release.AspNetCompiler.Debug = "False"
		VWDPort = "54521"
	EndProjectSection
EndProject
Global
	GlobalSection(SolutionConfigurationPlatforms) = preSolution
		Debug|.NET = Debug|.NET
	EndGlobalSection
	GlobalSection(ProjectConfigurationPlatforms) = postSolution
		{DAFF0D40-5A6D-45EC-B3F4-81DCF073683A}.Debug|.NET.ActiveCfg = Debug|.NET
		{DAFF0D40-5A6D-45EC-B3F4-81DCF073683A}.Debug|.NET.Build.0 = Debug|.NET
	EndGlobalSection
	GlobalSection(SolutionProperties) = preSolution
		HideSolutionNode = FALSE
	EndGlobalSection
EndGlobal
